
Microsoft Visual Studio Solution File, Format Version 12.00
# Visual Studio Version 16
VisualStudioVersion = 25.0.1705.0
MinimumVisualStudioVersion = 10.0.40219.1
Project("{FAE04EC0-301F-11D3-BF4B-00C04F79EFBC}") = "Vote with Your Wallet", "Vote with Your Wallet\Vote with Your Wallet.csproj", "{62E4AE2F-6266-463D-9896-8F176EE240F6}"
EndProject
Global
	GlobalSection(SolutionConfigurationPlatforms) = preSolution
		Debug|Any CPU = Debug|Any CPU
		Release|Any CPU = Release|Any CPU
	EndGlobalSection
	GlobalSection(ProjectConfigurationPlatforms) = postSolution
		{62E4AE2F-6266-463D-9896-8F176EE240F6}.Debug|Any CPU.ActiveCfg = Debug|Any CPU
		{62E4AE2F-6266-463D-9896-8F176EE240F6}.Debug|Any CPU.Build.0 = Debug|Any CPU
		{62E4AE2F-6266-463D-9896-8F176EE240F6}.Release|Any CPU.ActiveCfg = Release|Any CPU
		{62E4AE2F-6266-463D-9896-8F176EE240F6}.Release|Any CPU.Build.0 = Release|Any CPU
	EndGlobalSection
	GlobalSection(SolutionProperties) = preSolution
		HideSolutionNode = FALSE
	EndGlobalSection
	GlobalSection(ExtensibilityGlobals) = postSolution
		SolutionGuid = {69BD7B74-A0AE-4CDF-849C-E7F52278B305}
	EndGlobalSection
EndGlobal
